<?xml version="1.0" encoding="utf-8"?>
<Project ToolsVersion="4.0" xmlns="http://schemas.microsoft.com/developer/msbuild/2003">
  <ItemGroup>
    <Filter Include="Header Files">
      <UniqueIdentifier>{93995380-89BD-4b04-88EB-625FBE52EBFB}</UniqueIdentifier>
      <Extensions>h;hh;hpp;hxx;h++;hm;inl;inc;ipp;xsd</Extensions>
    </Filter>
    <Filter Include="Resource Files">
      <UniqueIdentifier>{67DA6AB6-F800-4c08-8B7A-83BB121AAD01}</UniqueIdentifier>
      <Extensions>rc;ico;cur;bmp;dlg;rc2;rct;bin;rgs;gif;jpg;jpeg;jpe;resx;tiff;tif;png;wav;mfcribbon-ms</Extensions>
    </Filter>
    <Filter Include="Source">
      <UniqueIdentifier>{3e0bf129-6039-4a2b-b6ac-37897b827e0b}</UniqueIdentifier>
    </Filter>
  </ItemGroup>
  <ItemGroup>
    <ClCompile Include="..\code\Division.cpp">
      <Filter>Source</Filter>
    </ClCompile>
    <ClCompile Include="..\code\Source.cpp">
      <Filter>Source</Filter>
    </ClCompile>
    <ClCompile Include="..\code\Tank.cpp">
      <Filter>Source</Filter>
    </ClCompile>
  </ItemGroup>
  <ItemGroup>
    <ClInclude Include="..\code\Division.h">
      <Filter>Header Files</Filter>
    </ClInclude>
    <ClInclude Include="..\code\Header.h">
      <Filter>Header Files</Filter>
    </ClInclude>
    <ClInclude Include="..\code\Manager.h">
      <Filter>Header Files</Filter>
    </ClInclude>
    <ClInclude Include="..\code\Tank.h">
      <Filter>Header Files</Filter>
    </ClInclude>
    <ClInclude Include="..\code\UI.h">
      <Filter>Header Files</Filter>
    </ClInclude>
  </ItemGroup>
</Project>